// !$*UTF8*$!
{
	archiveVersion = 1;
	classes = {
	};
	objectVersion = 46;
	objects = {

/* Begin PBXBuildFile section */
		1FC5F0FD4DCE687C15FB385B /* libPods-Depo.a in Frameworks */ = {isa = PBXBuildFile; fileRef = FE41EEDC048815D5647B40D2 /* libPods-Depo.a */; };
		412C8C061A06A10E0067DEAA /* depoNameLogo.png in Resources */ = {isa = PBXBuildFile; fileRef = 412C8C051A06A10E0067DEAA /* depoNameLogo.png */; };
		412C8C0C1A06A7FD0067DEAA /* businessman189.png in Resources */ = {isa = PBXBuildFile; fileRef = 412C8C0B1A06A7FD0067DEAA /* businessman189.png */; };
		41FB65E41A05524200C52848 /* main.m in Sources */ = {isa = PBXBuildFile; fileRef = 41FB65E31A05524200C52848 /* main.m */; };
		41FB65E71A05524200C52848 /* AppDelegate.m in Sources */ = {isa = PBXBuildFile; fileRef = 41FB65E61A05524200C52848 /* AppDelegate.m */; };
		41FB65EA1A05524200C52848 /* Depo.xcdatamodeld in Sources */ = {isa = PBXBuildFile; fileRef = 41FB65E81A05524200C52848 /* Depo.xcdatamodeld */; };
		41FB65F01A05524200C52848 /* Main.storyboard in Resources */ = {isa = PBXBuildFile; fileRef = 41FB65EE1A05524200C52848 /* Main.storyboard */; };
		41FB65F21A05524200C52848 /* Images.xcassets in Resources */ = {isa = PBXBuildFile; fileRef = 41FB65F11A05524200C52848 /* Images.xcassets */; };
		41FB65F51A05524200C52848 /* LaunchScreen.xib in Resources */ = {isa = PBXBuildFile; fileRef = 41FB65F31A05524200C52848 /* LaunchScreen.xib */; };
		41FB66011A05524300C52848 /* DepoTests.m in Sources */ = {isa = PBXBuildFile; fileRef = 41FB66001A05524300C52848 /* DepoTests.m */; };
		41FB660C1A055A2C00C52848 /* DepoViewController.m in Sources */ = {isa = PBXBuildFile; fileRef = 41FB660B1A055A2C00C52848 /* DepoViewController.m */; };
		4D322DB41A055CDB00014992 /* libPayPalMobile.a in Frameworks */ = {isa = PBXBuildFile; fileRef = 4D322DAC1A055CDB00014992 /* libPayPalMobile.a */; };
		4D322DB61A055D3100014992 /* AudioToolbox.framework in Frameworks */ = {isa = PBXBuildFile; fileRef = 4D322DB51A055D3100014992 /* AudioToolbox.framework */; };
		4D322DB81A055D3700014992 /* AVFoundation.framework in Frameworks */ = {isa = PBXBuildFile; fileRef = 4D322DB71A055D3700014992 /* AVFoundation.framework */; };
		4D322DBA1A055D3C00014992 /* CoreLocation.framework in Frameworks */ = {isa = PBXBuildFile; fileRef = 4D322DB91A055D3C00014992 /* CoreLocation.framework */; };
		4D322DBC1A055D4400014992 /* CoreMedia.framework in Frameworks */ = {isa = PBXBuildFile; fileRef = 4D322DBB1A055D4400014992 /* CoreMedia.framework */; };
		4D322DBE1A055D4900014992 /* MessageUI.framework in Frameworks */ = {isa = PBXBuildFile; fileRef = 4D322DBD1A055D4900014992 /* MessageUI.framework */; };
		4D322DC01A055D5000014992 /* MobileCoreServices.framework in Frameworks */ = {isa = PBXBuildFile; fileRef = 4D322DBF1A055D5000014992 /* MobileCoreServices.framework */; };
		4D322DC21A055D5700014992 /* SystemConfiguration.framework in Frameworks */ = {isa = PBXBuildFile; fileRef = 4D322DC11A055D5700014992 /* SystemConfiguration.framework */; };
		4D322DC41A055D7C00014992 /* acknowledgments.md in Sources */ = {isa = PBXBuildFile; fileRef = 4D322DC31A055D7C00014992 /* acknowledgments.md */; };
		4D322DC71A0581C300014992 /* ServerRequest.m in Sources */ = {isa = PBXBuildFile; fileRef = 4D322DC61A0581C300014992 /* ServerRequest.m */; };
		4D876B071A068599007AD48C /* User.m in Sources */ = {isa = PBXBuildFile; fileRef = 4D876B061A068599007AD48C /* User.m */; };
		4D876B0A1A0687FA007AD48C /* FriendsTableViewController.m in Sources */ = {isa = PBXBuildFile; fileRef = 4D876B091A0687FA007AD48C /* FriendsTableViewController.m */; };
		4D876B0D1A069EEF007AD48C /* Transaction.m in Sources */ = {isa = PBXBuildFile; fileRef = 4D876B0C1A069EEF007AD48C /* Transaction.m */; };
		D5B3AF2A1A065DD100FAA71D /* BlockChainViewController.m in Sources */ = {isa = PBXBuildFile; fileRef = D5B3AF291A065DD100FAA71D /* BlockChainViewController.m */; };
/* End PBXBuildFile section */

/* Begin PBXContainerItemProxy section */
		41FB65FB1A05524300C52848 /* PBXContainerItemProxy */ = {
			isa = PBXContainerItemProxy;
			containerPortal = 41FB65D61A05524200C52848 /* Project object */;
			proxyType = 1;
			remoteGlobalIDString = 41FB65DD1A05524200C52848;
			remoteInfo = Depo;
		};
/* End PBXContainerItemProxy section */

/* Begin PBXFileReference section */
		412C8C051A06A10E0067DEAA /* depoNameLogo.png */ = {isa = PBXFileReference; lastKnownFileType = image.png; path = depoNameLogo.png; sourceTree = "<group>"; };
		412C8C0B1A06A7FD0067DEAA /* businessman189.png */ = {isa = PBXFileReference; lastKnownFileType = image.png; path = businessman189.png; sourceTree = "<group>"; };
		41FB65DE1A05524200C52848 /* Depo.app */ = {isa = PBXFileReference; explicitFileType = wrapper.application; includeInIndex = 0; path = Depo.app; sourceTree = BUILT_PRODUCTS_DIR; };
		41FB65E21A05524200C52848 /* Info.plist */ = {isa = PBXFileReference; lastKnownFileType = text.plist.xml; path = Info.plist; sourceTree = "<group>"; };
		41FB65E31A05524200C52848 /* main.m */ = {isa = PBXFileReference; lastKnownFileType = sourcecode.c.objc; path = main.m; sourceTree = "<group>"; };
		41FB65E51A05524200C52848 /* AppDelegate.h */ = {isa = PBXFileReference; lastKnownFileType = sourcecode.c.h; path = AppDelegate.h; sourceTree = "<group>"; };
		41FB65E61A05524200C52848 /* AppDelegate.m */ = {isa = PBXFileReference; lastKnownFileType = sourcecode.c.objc; path = AppDelegate.m; sourceTree = "<group>"; };
		41FB65E91A05524200C52848 /* Depo.xcdatamodel */ = {isa = PBXFileReference; lastKnownFileType = wrapper.xcdatamodel; path = Depo.xcdatamodel; sourceTree = "<group>"; };
		41FB65EF1A05524200C52848 /* Base */ = {isa = PBXFileReference; lastKnownFileType = file.storyboard; name = Base; path = Base.lproj/Main.storyboard; sourceTree = "<group>"; };
		41FB65F11A05524200C52848 /* Images.xcassets */ = {isa = PBXFileReference; lastKnownFileType = folder.assetcatalog; path = Images.xcassets; sourceTree = "<group>"; };
		41FB65F41A05524200C52848 /* Base */ = {isa = PBXFileReference; lastKnownFileType = file.xib; name = Base; path = Base.lproj/LaunchScreen.xib; sourceTree = "<group>"; };
		41FB65FA1A05524300C52848 /* DepoTests.xctest */ = {isa = PBXFileReference; explicitFileType = wrapper.cfbundle; includeInIndex = 0; path = DepoTests.xctest; sourceTree = BUILT_PRODUCTS_DIR; };
		41FB65FF1A05524300C52848 /* Info.plist */ = {isa = PBXFileReference; lastKnownFileType = text.plist.xml; path = Info.plist; sourceTree = "<group>"; };
		41FB66001A05524300C52848 /* DepoTests.m */ = {isa = PBXFileReference; lastKnownFileType = sourcecode.c.objc; path = DepoTests.m; sourceTree = "<group>"; };
		41FB660A1A055A2C00C52848 /* DepoViewController.h */ = {isa = PBXFileReference; fileEncoding = 4; lastKnownFileType = sourcecode.c.h; path = DepoViewController.h; sourceTree = "<group>"; };
		41FB660B1A055A2C00C52848 /* DepoViewController.m */ = {isa = PBXFileReference; fileEncoding = 4; lastKnownFileType = sourcecode.c.objc; path = DepoViewController.m; sourceTree = "<group>"; };
		4D322DAC1A055CDB00014992 /* libPayPalMobile.a */ = {isa = PBXFileReference; lastKnownFileType = archive.ar; path = libPayPalMobile.a; sourceTree = "<group>"; };
		4D322DAD1A055CDB00014992 /* PayPalConfiguration.h */ = {isa = PBXFileReference; fileEncoding = 4; lastKnownFileType = sourcecode.c.h; path = PayPalConfiguration.h; sourceTree = "<group>"; };
		4D322DAE1A055CDB00014992 /* PayPalFuturePaymentViewController.h */ = {isa = PBXFileReference; fileEncoding = 4; lastKnownFileType = sourcecode.c.h; path = PayPalFuturePaymentViewController.h; sourceTree = "<group>"; };
		4D322DAF1A055CDB00014992 /* PayPalMobile.h */ = {isa = PBXFileReference; fileEncoding = 4; lastKnownFileType = sourcecode.c.h; lineEnding = 0; path = PayPalMobile.h; sourceTree = "<group>"; };
		4D322DB01A055CDB00014992 /* PayPalOAuthScopes.h */ = {isa = PBXFileReference; fileEncoding = 4; lastKnownFileType = sourcecode.c.h; path = PayPalOAuthScopes.h; sourceTree = "<group>"; };
		4D322DB11A055CDB00014992 /* PayPalPayment.h */ = {isa = PBXFileReference; fileEncoding = 4; lastKnownFileType = sourcecode.c.h; path = PayPalPayment.h; sourceTree = "<group>"; };
		4D322DB21A055CDB00014992 /* PayPalPaymentViewController.h */ = {isa = PBXFileReference; fileEncoding = 4; lastKnownFileType = sourcecode.c.h; path = PayPalPaymentViewController.h; sourceTree = "<group>"; };
		4D322DB31A055CDB00014992 /* PayPalProfileSharingViewController.h */ = {isa = PBXFileReference; fileEncoding = 4; lastKnownFileType = sourcecode.c.h; path = PayPalProfileSharingViewController.h; sourceTree = "<group>"; };
		4D322DB51A055D3100014992 /* AudioToolbox.framework */ = {isa = PBXFileReference; lastKnownFileType = wrapper.framework; name = AudioToolbox.framework; path = System/Library/Frameworks/AudioToolbox.framework; sourceTree = SDKROOT; };
		4D322DB71A055D3700014992 /* AVFoundation.framework */ = {isa = PBXFileReference; lastKnownFileType = wrapper.framework; name = AVFoundation.framework; path = System/Library/Frameworks/AVFoundation.framework; sourceTree = SDKROOT; };
		4D322DB91A055D3C00014992 /* CoreLocation.framework */ = {isa = PBXFileReference; lastKnownFileType = wrapper.framework; name = CoreLocation.framework; path = System/Library/Frameworks/CoreLocation.framework; sourceTree = SDKROOT; };
		4D322DBB1A055D4400014992 /* CoreMedia.framework */ = {isa = PBXFileReference; lastKnownFileType = wrapper.framework; name = CoreMedia.framework; path = System/Library/Frameworks/CoreMedia.framework; sourceTree = SDKROOT; };
		4D322DBD1A055D4900014992 /* MessageUI.framework */ = {isa = PBXFileReference; lastKnownFileType = wrapper.framework; name = MessageUI.framework; path = System/Library/Frameworks/MessageUI.framework; sourceTree = SDKROOT; };
		4D322DBF1A055D5000014992 /* MobileCoreServices.framework */ = {isa = PBXFileReference; lastKnownFileType = wrapper.framework; name = MobileCoreServices.framework; path = System/Library/Frameworks/MobileCoreServices.framework; sourceTree = SDKROOT; };
		4D322DC11A055D5700014992 /* SystemConfiguration.framework */ = {isa = PBXFileReference; lastKnownFileType = wrapper.framework; name = SystemConfiguration.framework; path = System/Library/Frameworks/SystemConfiguration.framework; sourceTree = SDKROOT; };
		4D322DC31A055D7C00014992 /* acknowledgments.md */ = {isa = PBXFileReference; fileEncoding = 4; lastKnownFileType = net.daringfireball.markdown; path = acknowledgments.md; sourceTree = "<group>"; };
		4D322DC51A0581C300014992 /* ServerRequest.h */ = {isa = PBXFileReference; fileEncoding = 4; lastKnownFileType = sourcecode.c.h; path = ServerRequest.h; sourceTree = "<group>"; };
		4D322DC61A0581C300014992 /* ServerRequest.m */ = {isa = PBXFileReference; fileEncoding = 4; lastKnownFileType = sourcecode.c.objc; path = ServerRequest.m; sourceTree = "<group>"; };
		4D876B051A068599007AD48C /* User.h */ = {isa = PBXFileReference; fileEncoding = 4; lastKnownFileType = sourcecode.c.h; path = User.h; sourceTree = "<group>"; };
		4D876B061A068599007AD48C /* User.m */ = {isa = PBXFileReference; fileEncoding = 4; lastKnownFileType = sourcecode.c.objc; path = User.m; sourceTree = "<group>"; };
		4D876B081A0687FA007AD48C /* FriendsTableViewController.h */ = {isa = PBXFileReference; fileEncoding = 4; lastKnownFileType = sourcecode.c.h; path = FriendsTableViewController.h; sourceTree = "<group>"; };
		4D876B091A0687FA007AD48C /* FriendsTableViewController.m */ = {isa = PBXFileReference; fileEncoding = 4; lastKnownFileType = sourcecode.c.objc; path = FriendsTableViewController.m; sourceTree = "<group>"; };
		4D876B0B1A069EEF007AD48C /* Transaction.h */ = {isa = PBXFileReference; fileEncoding = 4; lastKnownFileType = sourcecode.c.h; path = Transaction.h; sourceTree = "<group>"; };
		4D876B0C1A069EEF007AD48C /* Transaction.m */ = {isa = PBXFileReference; fileEncoding = 4; lastKnownFileType = sourcecode.c.objc; path = Transaction.m; sourceTree = "<group>"; };
		8A5FCB45AF93A430579A3FA0 /* Pods-Depo.debug.xcconfig */ = {isa = PBXFileReference; includeInIndex = 1; lastKnownFileType = text.xcconfig; name = "Pods-Depo.debug.xcconfig"; path = "Pods/Target Support Files/Pods-Depo/Pods-Depo.debug.xcconfig"; sourceTree = "<group>"; };
		D5B3AF281A065DD100FAA71D /* BlockChainViewController.h */ = {isa = PBXFileReference; fileEncoding = 4; lastKnownFileType = sourcecode.c.h; path = BlockChainViewController.h; sourceTree = "<group>"; };
		D5B3AF291A065DD100FAA71D /* BlockChainViewController.m */ = {isa = PBXFileReference; fileEncoding = 4; lastKnownFileType = sourcecode.c.objc; path = BlockChainViewController.m; sourceTree = "<group>"; };
		E038F26500C81A13A62D89E1 /* Pods-Depo.release.xcconfig */ = {isa = PBXFileReference; includeInIndex = 1; lastKnownFileType = text.xcconfig; name = "Pods-Depo.release.xcconfig"; path = "Pods/Target Support Files/Pods-Depo/Pods-Depo.release.xcconfig"; sourceTree = "<group>"; };
		FE41EEDC048815D5647B40D2 /* libPods-Depo.a */ = {isa = PBXFileReference; explicitFileType = archive.ar; includeInIndex = 0; path = "libPods-Depo.a"; sourceTree = BUILT_PRODUCTS_DIR; };
/* End PBXFileReference section */

/* Begin PBXFrameworksBuildPhase section */
		41FB65DB1A05524200C52848 /* Frameworks */ = {
			isa = PBXFrameworksBuildPhase;
			buildActionMask = 2147483647;
			files = (
				4D322DC21A055D5700014992 /* SystemConfiguration.framework in Frameworks */,
				4D322DC01A055D5000014992 /* MobileCoreServices.framework in Frameworks */,
				4D322DBE1A055D4900014992 /* MessageUI.framework in Frameworks */,
				4D322DBC1A055D4400014992 /* CoreMedia.framework in Frameworks */,
				4D322DBA1A055D3C00014992 /* CoreLocation.framework in Frameworks */,
				4D322DB81A055D3700014992 /* AVFoundation.framework in Frameworks */,
				4D322DB61A055D3100014992 /* AudioToolbox.framework in Frameworks */,
				4D322DB41A055CDB00014992 /* libPayPalMobile.a in Frameworks */,
				1FC5F0FD4DCE687C15FB385B /* libPods-Depo.a in Frameworks */,
			);
			runOnlyForDeploymentPostprocessing = 0;
		};
		41FB65F71A05524300C52848 /* Frameworks */ = {
			isa = PBXFrameworksBuildPhase;
			buildActionMask = 2147483647;
			files = (
			);
			runOnlyForDeploymentPostprocessing = 0;
		};
/* End PBXFrameworksBuildPhase section */

/* Begin PBXGroup section */
		41FB65D51A05524200C52848 = {
			isa = PBXGroup;
			children = (
				41FB65E01A05524200C52848 /* Depo */,
				41FB65FD1A05524300C52848 /* DepoTests */,
				41FB65DF1A05524200C52848 /* Products */,
				FFA52B76FE0FEF20136472A5 /* Pods */,
				E3C51910C3AEFFD89AF61F29 /* Frameworks */,
				4D322DAB1A055CDB00014992 /* PayPalMobile */,
			);
			sourceTree = "<group>";
		};
		41FB65DF1A05524200C52848 /* Products */ = {
			isa = PBXGroup;
			children = (
				41FB65DE1A05524200C52848 /* Depo.app */,
				41FB65FA1A05524300C52848 /* DepoTests.xctest */,
			);
			name = Products;
			sourceTree = "<group>";
		};
		41FB65E01A05524200C52848 /* Depo */ = {
			isa = PBXGroup;
			children = (
				41FB65E51A05524200C52848 /* AppDelegate.h */,
				41FB65E61A05524200C52848 /* AppDelegate.m */,
				4D322DC51A0581C300014992 /* ServerRequest.h */,
				4D322DC61A0581C300014992 /* ServerRequest.m */,
				41FB660A1A055A2C00C52848 /* DepoViewController.h */,
				41FB660B1A055A2C00C52848 /* DepoViewController.m */,
				4D876B081A0687FA007AD48C /* FriendsTableViewController.h */,
				4D876B091A0687FA007AD48C /* FriendsTableViewController.m */,
				41FB65EE1A05524200C52848 /* Main.storyboard */,
				D5B3AF281A065DD100FAA71D /* BlockChainViewController.h */,
				D5B3AF291A065DD100FAA71D /* BlockChainViewController.m */,
				41FB65F11A05524200C52848 /* Images.xcassets */,
				41FB65F31A05524200C52848 /* LaunchScreen.xib */,
				41FB65E81A05524200C52848 /* Depo.xcdatamodeld */,
				4D876B0B1A069EEF007AD48C /* Transaction.h */,
				4D876B0C1A069EEF007AD48C /* Transaction.m */,
				4D876B051A068599007AD48C /* User.h */,
				4D876B061A068599007AD48C /* User.m */,
				412C8C051A06A10E0067DEAA /* depoNameLogo.png */,
				412C8C0B1A06A7FD0067DEAA /* businessman189.png */,
				41FB65E11A05524200C52848 /* Supporting Files */,
			);
			path = Depo;
			sourceTree = "<group>";
		};
		41FB65E11A05524200C52848 /* Supporting Files */ = {
			isa = PBXGroup;
			children = (
				41FB65E21A05524200C52848 /* Info.plist */,
				41FB65E31A05524200C52848 /* main.m */,
			);
			name = "Supporting Files";
			sourceTree = "<group>";
		};
		41FB65FD1A05524300C52848 /* DepoTests */ = {
			isa = PBXGroup;
			children = (
				41FB66001A05524300C52848 /* DepoTests.m */,
				41FB65FE1A05524300C52848 /* Supporting Files */,
			);
			path = DepoTests;
			sourceTree = "<group>";
		};
		41FB65FE1A05524300C52848 /* Supporting Files */ = {
			isa = PBXGroup;
			children = (
				41FB65FF1A05524300C52848 /* Info.plist */,
			);
			name = "Supporting Files";
			sourceTree = "<group>";
		};
		4D322DAB1A055CDB00014992 /* PayPalMobile */ = {
			isa = PBXGroup;
			children = (
				4D322DAC1A055CDB00014992 /* libPayPalMobile.a */,
				4D322DC31A055D7C00014992 /* acknowledgments.md */,
				4D322DAD1A055CDB00014992 /* PayPalConfiguration.h */,
				4D322DAE1A055CDB00014992 /* PayPalFuturePaymentViewController.h */,
				4D322DAF1A055CDB00014992 /* PayPalMobile.h */,
				4D322DB01A055CDB00014992 /* PayPalOAuthScopes.h */,
				4D322DB11A055CDB00014992 /* PayPalPayment.h */,
				4D322DB21A055CDB00014992 /* PayPalPaymentViewController.h */,
				4D322DB31A055CDB00014992 /* PayPalProfileSharingViewController.h */,
			);
			path = PayPalMobile;
			sourceTree = "<group>";
		};
		E3C51910C3AEFFD89AF61F29 /* Frameworks */ = {
			isa = PBXGroup;
			children = (
				4D322DC11A055D5700014992 /* SystemConfiguration.framework */,
				4D322DBF1A055D5000014992 /* MobileCoreServices.framework */,
				4D322DBD1A055D4900014992 /* MessageUI.framework */,
				4D322DBB1A055D4400014992 /* CoreMedia.framework */,
				4D322DB91A055D3C00014992 /* CoreLocation.framework */,
				4D322DB71A055D3700014992 /* AVFoundation.framework */,
				4D322DB51A055D3100014992 /* AudioToolbox.framework */,
				FE41EEDC048815D5647B40D2 /* libPods-Depo.a */,
			);
			name = Frameworks;
			sourceTree = "<group>";
		};
		FFA52B76FE0FEF20136472A5 /* Pods */ = {
			isa = PBXGroup;
			children = (
				8A5FCB45AF93A430579A3FA0 /* Pods-Depo.debug.xcconfig */,
				E038F26500C81A13A62D89E1 /* Pods-Depo.release.xcconfig */,
			);
			name = Pods;
			sourceTree = "<group>";
		};
/* End PBXGroup section */

/* Begin PBXNativeTarget section */
		41FB65DD1A05524200C52848 /* Depo */ = {
			isa = PBXNativeTarget;
			buildConfigurationList = 41FB66041A05524300C52848 /* Build configuration list for PBXNativeTarget "Depo" */;
			buildPhases = (
				B30E68F6175C0440BB40179F /* Check Pods Manifest.lock */,
				41FB65DA1A05524200C52848 /* Sources */,
				41FB65DB1A05524200C52848 /* Frameworks */,
				41FB65DC1A05524200C52848 /* Resources */,
				233FA10AB43F6BB640A9BF95 /* Copy Pods Resources */,
			);
			buildRules = (
			);
			dependencies = (
			);
			name = Depo;
			productName = Depo;
			productReference = 41FB65DE1A05524200C52848 /* Depo.app */;
			productType = "com.apple.product-type.application";
		};
		41FB65F91A05524300C52848 /* DepoTests */ = {
			isa = PBXNativeTarget;
			buildConfigurationList = 41FB66071A05524300C52848 /* Build configuration list for PBXNativeTarget "DepoTests" */;
			buildPhases = (
				41FB65F61A05524300C52848 /* Sources */,
				41FB65F71A05524300C52848 /* Frameworks */,
				41FB65F81A05524300C52848 /* Resources */,
			);
			buildRules = (
			);
			dependencies = (
				41FB65FC1A05524300C52848 /* PBXTargetDependency */,
			);
			name = DepoTests;
			productName = DepoTests;
			productReference = 41FB65FA1A05524300C52848 /* DepoTests.xctest */;
			productType = "com.apple.product-type.bundle.unit-test";
		};
/* End PBXNativeTarget section */

/* Begin PBXProject section */
		41FB65D61A05524200C52848 /* Project object */ = {
			isa = PBXProject;
			attributes = {
				LastUpgradeCheck = 0600;
				ORGANIZATIONNAME = MoonAnimals;
				TargetAttributes = {
					41FB65DD1A05524200C52848 = {
						CreatedOnToolsVersion = 6.0.1;
					};
					41FB65F91A05524300C52848 = {
						CreatedOnToolsVersion = 6.0.1;
						TestTargetID = 41FB65DD1A05524200C52848;
					};
				};
			};
			buildConfigurationList = 41FB65D91A05524200C52848 /* Build configuration list for PBXProject "Depo" */;
			compatibilityVersion = "Xcode 3.2";
			developmentRegion = English;
			hasScannedForEncodings = 0;
			knownRegions = (
				en,
				Base,
			);
			mainGroup = 41FB65D51A05524200C52848;
			productRefGroup = 41FB65DF1A05524200C52848 /* Products */;
			projectDirPath = "";
			projectRoot = "";
			targets = (
				41FB65DD1A05524200C52848 /* Depo */,
				41FB65F91A05524300C52848 /* DepoTests */,
			);
		};
/* End PBXProject section */

/* Begin PBXResourcesBuildPhase section */
		41FB65DC1A05524200C52848 /* Resources */ = {
			isa = PBXResourcesBuildPhase;
			buildActionMask = 2147483647;
			files = (
				41FB65F01A05524200C52848 /* Main.storyboard in Resources */,
				412C8C061A06A10E0067DEAA /* depoNameLogo.png in Resources */,
				412C8C0C1A06A7FD0067DEAA /* businessman189.png in Resources */,
				41FB65F51A05524200C52848 /* LaunchScreen.xib in Resources */,
				41FB65F21A05524200C52848 /* Images.xcassets in Resources */,
			);
			runOnlyForDeploymentPostprocessing = 0;
		};
		41FB65F81A05524300C52848 /* Resources */ = {
			isa = PBXResourcesBuildPhase;
			buildActionMask = 2147483647;
			files = (
			);
			runOnlyForDeploymentPostprocessing = 0;
		};
/* End PBXResourcesBuildPhase section */

/* Begin PBXShellScriptBuildPhase section */
		233FA10AB43F6BB640A9BF95 /* Copy Pods Resources */ = {
			isa = PBXShellScriptBuildPhase;
			buildActionMask = 2147483647;
			files = (
			);
			inputPaths = (
			);
			name = "Copy Pods Resources";
			outputPaths = (
			);
			runOnlyForDeploymentPostprocessing = 0;
			shellPath = /bin/sh;
			shellScript = "\"${SRCROOT}/Pods/Target Support Files/Pods-Depo/Pods-Depo-resources.sh\"\n";
			showEnvVarsInLog = 0;
		};
		B30E68F6175C0440BB40179F /* Check Pods Manifest.lock */ = {
			isa = PBXShellScriptBuildPhase;
			buildActionMask = 2147483647;
			files = (
			);
			inputPaths = (
			);
			name = "Check Pods Manifest.lock";
			outputPaths = (
			);
			runOnlyForDeploymentPostprocessing = 0;
			shellPath = /bin/sh;
			shellScript = "diff \"${PODS_ROOT}/../Podfile.lock\" \"${PODS_ROOT}/Manifest.lock\" > /dev/null\nif [[ $? != 0 ]] ; then\n    cat << EOM\nerror: The sandbox is not in sync with the Podfile.lock. Run 'pod install' or update your CocoaPods installation.\nEOM\n    exit 1\nfi\n";
			showEnvVarsInLog = 0;
		};
/* End PBXShellScriptBuildPhase section */

/* Begin PBXSourcesBuildPhase section */
		41FB65DA1A05524200C52848 /* Sources */ = {
			isa = PBXSourcesBuildPhase;
			buildActionMask = 2147483647;
			files = (
				4D876B071A068599007AD48C /* User.m in Sources */,
				4D322DC41A055D7C00014992 /* acknowledgments.md in Sources */,
				41FB65E71A05524200C52848 /* AppDelegate.m in Sources */,
				4D876B0A1A0687FA007AD48C /* FriendsTableViewController.m in Sources */,
				4D322DC71A0581C300014992 /* ServerRequest.m in Sources */,
				41FB65EA1A05524200C52848 /* Depo.xcdatamodeld in Sources */,
				41FB660C1A055A2C00C52848 /* DepoViewController.m in Sources */,
				41FB65E41A05524200C52848 /* main.m in Sources */,
				4D876B0D1A069EEF007AD48C /* Transaction.m in Sources */,
				D5B3AF2A1A065DD100FAA71D /* BlockChainViewController.m in Sources */,
			);
			runOnlyForDeploymentPostprocessing = 0;
		};
		41FB65F61A05524300C52848 /* Sources */ = {
			isa = PBXSourcesBuildPhase;
			buildActionMask = 2147483647;
			files = (
				41FB66011A05524300C52848 /* DepoTests.m in Sources */,
			);
			runOnlyForDeploymentPostprocessing = 0;
		};
/* End PBXSourcesBuildPhase section */

/* Begin PBXTargetDependency section */
		41FB65FC1A05524300C52848 /* PBXTargetDependency */ = {
			isa = PBXTargetDependency;
			target = 41FB65DD1A05524200C52848 /* Depo */;
			targetProxy = 41FB65FB1A05524300C52848 /* PBXContainerItemProxy */;
		};
/* End PBXTargetDependency section */

/* Begin PBXVariantGroup section */
		41FB65EE1A05524200C52848 /* Main.storyboard */ = {
			isa = PBXVariantGroup;
			children = (
				41FB65EF1A05524200C52848 /* Base */,
			);
			name = Main.storyboard;
			sourceTree = "<group>";
		};
		41FB65F31A05524200C52848 /* LaunchScreen.xib */ = {
			isa = PBXVariantGroup;
			children = (
				41FB65F41A05524200C52848 /* Base */,
			);
			name = LaunchScreen.xib;
			sourceTree = "<group>";
		};
/* End PBXVariantGroup section */

/* Begin XCBuildConfiguration section */
		41FB66021A05524300C52848 /* Debug */ = {
			isa = XCBuildConfiguration;
			buildSettings = {
				ALWAYS_SEARCH_USER_PATHS = NO;
				CLANG_CXX_LANGUAGE_STANDARD = "gnu++0x";
				CLANG_CXX_LIBRARY = "libc++";
				CLANG_ENABLE_MODULES = YES;
				CLANG_ENABLE_OBJC_ARC = YES;
				CLANG_WARN_BOOL_CONVERSION = YES;
				CLANG_WARN_CONSTANT_CONVERSION = YES;
				CLANG_WARN_DIRECT_OBJC_ISA_USAGE = YES_ERROR;
				CLANG_WARN_EMPTY_BODY = YES;
				CLANG_WARN_ENUM_CONVERSION = YES;
				CLANG_WARN_INT_CONVERSION = YES;
				CLANG_WARN_OBJC_ROOT_CLASS = YES_ERROR;
				CLANG_WARN_UNREACHABLE_CODE = YES;
				CLANG_WARN__DUPLICATE_METHOD_MATCH = YES;
				"CODE_SIGN_IDENTITY[sdk=iphoneos*]" = "iPhone Developer";
				COPY_PHASE_STRIP = NO;
				ENABLE_STRICT_OBJC_MSGSEND = YES;
				GCC_C_LANGUAGE_STANDARD = gnu99;
				GCC_DYNAMIC_NO_PIC = NO;
				GCC_OPTIMIZATION_LEVEL = 0;
				GCC_PREPROCESSOR_DEFINITIONS = (
					"DEBUG=1",
					"$(inherited)",
				);
				GCC_SYMBOLS_PRIVATE_EXTERN = NO;
				GCC_WARN_64_TO_32_BIT_CONVERSION = YES;
				GCC_WARN_ABOUT_RETURN_TYPE = YES_ERROR;
				GCC_WARN_UNDECLARED_SELECTOR = YES;
				GCC_WARN_UNINITIALIZED_AUTOS = YES_AGGRESSIVE;
				GCC_WARN_UNUSED_FUNCTION = YES;
				GCC_WARN_UNUSED_VARIABLE = YES;
				IPHONEOS_DEPLOYMENT_TARGET = 8.0;
				MTL_ENABLE_DEBUG_INFO = YES;
				ONLY_ACTIVE_ARCH = YES;
				SDKROOT = iphoneos;
			};
			name = Debug;
		};
		41FB66031A05524300C52848 /* Release */ = {
			isa = XCBuildConfiguration;
			buildSettings = {
				ALWAYS_SEARCH_USER_PATHS = NO;
				CLANG_CXX_LANGUAGE_STANDARD = "gnu++0x";
				CLANG_CXX_LIBRARY = "libc++";
				CLANG_ENABLE_MODULES = YES;
				CLANG_ENABLE_OBJC_ARC = YES;
				CLANG_WARN_BOOL_CONVERSION = YES;
				CLANG_WARN_CONSTANT_CONVERSION = YES;
				CLANG_WARN_DIRECT_OBJC_ISA_USAGE = YES_ERROR;
				CLANG_WARN_EMPTY_BODY = YES;
				CLANG_WARN_ENUM_CONVERSION = YES;
				CLANG_WARN_INT_CONVERSION = YES;
				CLANG_WARN_OBJC_ROOT_CLASS = YES_ERROR;
				CLANG_WARN_UNREACHABLE_CODE = YES;
				CLANG_WARN__DUPLICATE_METHOD_MATCH = YES;
				"CODE_SIGN_IDENTITY[sdk=iphoneos*]" = "iPhone Developer";
				COPY_PHASE_STRIP = YES;
				ENABLE_NS_ASSERTIONS = NO;
				ENABLE_STRICT_OBJC_MSGSEND = YES;
				GCC_C_LANGUAGE_STANDARD = gnu99;
				GCC_WARN_64_TO_32_BIT_CONVERSION = YES;
				GCC_WARN_ABOUT_RETURN_TYPE = YES_ERROR;
				GCC_WARN_UNDECLARED_SELECTOR = YES;
				GCC_WARN_UNINITIALIZED_AUTOS = YES_AGGRESSIVE;
				GCC_WARN_UNUSED_FUNCTION = YES;
				GCC_WARN_UNUSED_VARIABLE = YES;
				IPHONEOS_DEPLOYMENT_TARGET = 8.0;
				MTL_ENABLE_DEBUG_INFO = NO;
				SDKROOT = iphoneos;
				VALIDATE_PRODUCT = YES;
			};
			name = Release;
		};
		41FB66051A05524300C52848 /* Debug */ = {
			isa = XCBuildConfiguration;
			baseConfigurationReference = 8A5FCB45AF93A430579A3FA0 /* Pods-Depo.debug.xcconfig */;
			buildSettings = {
				ASSETCATALOG_COMPILER_APPICON_NAME = AppIcon;
				INFOPLIST_FILE = Depo/Info.plist;
				LD_RUNPATH_SEARCH_PATHS = "$(inherited) @executable_path/Frameworks";
				LIBRARY_SEARCH_PATHS = (
					"$(inherited)",
					"$(PROJECT_DIR)/PayPalMobile",
				);
				OTHER_LDFLAGS = (
					"-ObjC",
					"-l\"Pods-Depo-Chain\"",
					"-lc++",
					"-ObjC",
				);
				PRODUCT_NAME = "$(TARGET_NAME)";
			};
			name = Debug;
		};
		41FB66061A05524300C52848 /* Release */ = {
			isa = XCBuildConfiguration;
			baseConfigurationReference = E038F26500C81A13A62D89E1 /* Pods-Depo.release.xcconfig */;
			buildSettings = {
				ASSETCATALOG_COMPILER_APPICON_NAME = AppIcon;
				INFOPLIST_FILE = Depo/Info.plist;
				LD_RUNPATH_SEARCH_PATHS = "$(inherited) @executable_path/Frameworks";
				LIBRARY_SEARCH_PATHS = (
					"$(inherited)",
					"$(PROJECT_DIR)/PayPalMobile",
				);
				OTHER_LDFLAGS = (
					"-ObjC",
					"-l\"Pods-Depo-Chain\"",
					"-lc++",
					"-ObjC",
				);
				PRODUCT_NAME = "$(TARGET_NAME)";
			};
			name = Release;
		};
		41FB66081A05524300C52848 /* Debug */ = {
			isa = XCBuildConfiguration;
			buildSettings = {
				BUNDLE_LOADER = "$(TEST_HOST)";
				FRAMEWORK_SEARCH_PATHS = (
					"$(SDKROOT)/Developer/Library/Frameworks",
					"$(inherited)",
				);
				GCC_PREPROCESSOR_DEFINITIONS = (
					"DEBUG=1",
					"$(inherited)",
				);
				INFOPLIST_FILE = DepoTests/Info.plist;
				LD_RUNPATH_SEARCH_PATHS = "$(inherited) @executable_path/Frameworks @loader_path/Frameworks";
				PRODUCT_NAME = "$(TARGET_NAME)";
				TEST_HOST = "$(BUILT_PRODUCTS_DIR)/Depo.app/Depo";
			};
			name = Debug;
		};
		41FB66091A05524300C52848 /* Release */ = {
			isa = XCBuildConfiguration;
			buildSettings = {
				BUNDLE_LOADER = "$(TEST_HOST)";
				FRAMEWORK_SEARCH_PATHS = (
					"$(SDKROOT)/Developer/Library/Frameworks",
					"$(inherited)",
				);
				INFOPLIST_FILE = DepoTests/Info.plist;
				LD_RUNPATH_SEARCH_PATHS = "$(inherited) @executable_path/Frameworks @loader_path/Frameworks";
				PRODUCT_NAME = "$(TARGET_NAME)";
				TEST_HOST = "$(BUILT_PRODUCTS_DIR)/Depo.app/Depo";
			};
			name = Release;
		};
/* End XCBuildConfiguration section */

/* Begin XCConfigurationList section */
		41FB65D91A05524200C52848 /* Build configuration list for PBXProject "Depo" */ = {
			isa = XCConfigurationList;
			buildConfigurations = (
				41FB66021A05524300C52848 /* Debug */,
				41FB66031A05524300C52848 /* Release */,
			);
			defaultConfigurationIsVisible = 0;
			defaultConfigurationName = Release;
		};
		41FB66041A05524300C52848 /* Build configuration list for PBXNativeTarget "Depo" */ = {
			isa = XCConfigurationList;
			buildConfigurations = (
				41FB66051A05524300C52848 /* Debug */,
				41FB66061A05524300C52848 /* Release */,
			);
			defaultConfigurationIsVisible = 0;
			defaultConfigurationName = Release;
		};
		41FB66071A05524300C52848 /* Build configuration list for PBXNativeTarget "DepoTests" */ = {
			isa = XCConfigurationList;
			buildConfigurations = (
				41FB66081A05524300C52848 /* Debug */,
				41FB66091A05524300C52848 /* Release */,
			);
			defaultConfigurationIsVisible = 0;
			defaultConfigurationName = Release;
		};
/* End XCConfigurationList section */

/* Begin XCVersionGroup section */
		41FB65E81A05524200C52848 /* Depo.xcdatamodeld */ = {
			isa = XCVersionGroup;
			children = (
				41FB65E91A05524200C52848 /* Depo.xcdatamodel */,
			);
			currentVersion = 41FB65E91A05524200C52848 /* Depo.xcdatamodel */;
			path = Depo.xcdatamodeld;
			sourceTree = "<group>";
			versionGroupType = wrapper.xcdatamodel;
		};
/* End XCVersionGroup section */
	};
	rootObject = 41FB65D61A05524200C52848 /* Project object */;
}
